{
  "name": "wikibase-cli-template-collection",
  "version": "1.0.0",
  "lockfileVersion": 1,
  "requires": true,
  "dependencies": {
    "node-fetch": {
      "version": "2.6.1",
      "resolved": "https://registry.npmjs.org/node-fetch/-/node-fetch-2.6.1.tgz",
      "integrity": "sha512-V4aYg89jEoVRxRb2fJdAg8FHvI7cEyYdVAh94HH0UIK8oJxUfkjlDQN9RbMx+bEjP7+ggMiFRprSti032Oipxw=="
    },
    "wikibase-sdk": {
      "version": "7.9.0",
      "resolved": "https://registry.npmjs.org/wikibase-sdk/-/wikibase-sdk-7.9.0.tgz",
      "integrity": "sha512-VMZEtn9uX+R6mgbPZD7LqrDETvXQAOjdyVDFwqgYfvPHTN1/q+6BlJr4LUeLu2TWN7ac+8A1Je9gzCVJRoNFtQ=="
    },
    "wikidata-sdk": {
      "version": "7.9.0",
      "resolved": "https://registry.npmjs.org/wikidata-sdk/-/wikidata-sdk-7.9.0.tgz",
      "integrity": "sha512-trPbNdbriBOvkW3bCNZjHNuIKVqhnJGKl9VY1KAPDajL9hg1rBU1UhPMvseBU/NAZB2KRl7jW3mhexEX4HrPfQ==",
      "requires": {
        "wikibase-sdk": "^7.9.0"
      }
    },
    "wtf_wikipedia": {
      "version": "8.5.1",
      "resolved": "https://registry.npmjs.org/wtf_wikipedia/-/wtf_wikipedia-8.5.1.tgz",
      "integrity": "sha512-tvLDPsC9bGG9ABMijCCEFwPhK4678glSVX45UwXwT7KhTJgQFhn3cdm84cMOKSTag+/bRfgBG+qe9qXn3AyStw=="
    }
  }
}
