{
  "name": "wikibase-cli-template-collection",
  "version": "1.0.0",
  "lockfileVersion": 1,
  "requires": true,
  "dependencies": {
    "wikibase-sdk": {
      "version": "7.8.0",
      "resolved": "https://registry.npmjs.org/wikibase-sdk/-/wikibase-sdk-7.8.0.tgz",
      "integrity": "sha512-89IBMxaRIMxMpWRKp+Agtl5hUAuz4WSnMydd8YUg8JXdTXG/VGAPlL5+/CyP3Ei90sVmaDYhk5Wg5jDWsBcR9g=="
    }
  }
}
